
Microsoft Visual Studio Solution File, Format Version 12.00
# Visual Studio Version 16
VisualStudioVersion = 16.0.29911.84
MinimumVisualStudioVersion = 10.0.40219.1
Project("{9A19103F-16F7-4668-BE54-9A1E7A4F7556}") = "Webapi", "Webapi.csproj", "{C6B3016D-6E64-4E6E-B083-B07662571988}"
EndProject
Global
	GlobalSection(SolutionConfigurationPlatforms) = preSolution
		Debug|Any CPU = Debug|Any CPU
		Release|Any CPU = Release|Any CPU
	EndGlobalSection
	GlobalSection(ProjectConfigurationPlatforms) = postSolution
		{C6B3016D-6E64-4E6E-B083-B07662571988}.Debug|Any CPU.ActiveCfg = Debug|Any CPU
		{C6B3016D-6E64-4E6E-B083-B07662571988}.Debug|Any CPU.Build.0 = Debug|Any CPU
		{C6B3016D-6E64-4E6E-B083-B07662571988}.Release|Any CPU.ActiveCfg = Release|Any CPU
		{C6B3016D-6E64-4E6E-B083-B07662571988}.Release|Any CPU.Build.0 = Release|Any CPU
	EndGlobalSection
	GlobalSection(SolutionProperties) = preSolution
		HideSolutionNode = FALSE
	EndGlobalSection
	GlobalSection(ExtensibilityGlobals) = postSolution
		SolutionGuid = {B2988B57-DFEA-4BF3-BE65-7626F9397949}
	EndGlobalSection
EndGlobal
